
Microsoft Visual Studio Solution File, Format Version 12.00
# Visual Studio Version 16
VisualStudioVersion = 16.0.28803.352
MinimumVisualStudioVersion = 10.0.40219.1
Project("{FAE04EC0-301F-11D3-BF4B-00C04F79EFBC}") = "Week05Part01", "Week05Part01.csproj", "{C199FE95-7EDF-44BE-86C8-FC353F2ED0CE}"
EndProject
Global
	GlobalSection(SolutionConfigurationPlatforms) = preSolution
		Debug|Any CPU = Debug|Any CPU
		Release|Any CPU = Release|Any CPU
	EndGlobalSection
	GlobalSection(ProjectConfigurationPlatforms) = postSolution
		{C199FE95-7EDF-44BE-86C8-FC353F2ED0CE}.Debug|Any CPU.ActiveCfg = Debug|Any CPU
		{C199FE95-7EDF-44BE-86C8-FC353F2ED0CE}.Debug|Any CPU.Build.0 = Debug|Any CPU
		{C199FE95-7EDF-44BE-86C8-FC353F2ED0CE}.Release|Any CPU.ActiveCfg = Release|Any CPU
		{C199FE95-7EDF-44BE-86C8-FC353F2ED0CE}.Release|Any CPU.Build.0 = Release|Any CPU
	EndGlobalSection
	GlobalSection(SolutionProperties) = preSolution
		HideSolutionNode = FALSE
	EndGlobalSection
	GlobalSection(ExtensibilityGlobals) = postSolution
		SolutionGuid = {0842E41C-C5D2-4643-9F0B-56285B1A0AEF}
	EndGlobalSection
EndGlobal
